// !$*UTF8*$!
{
	archiveVersion = 1;
	classes = {
	};
	objectVersion = 50;
	objects = {

/* Begin PBXBuildFile section */
		2EDA610025CBEAF60016B02F /* AppDelegate.swift in Sources */ = {isa = PBXBuildFile; fileRef = 2EDA60FF25CBEAF60016B02F /* AppDelegate.swift */; };
		2EDA610225CBEAF60016B02F /* SceneDelegate.swift in Sources */ = {isa = PBXBuildFile; fileRef = 2EDA610125CBEAF60016B02F /* SceneDelegate.swift */; };
		2EDA610425CBEAF60016B02F /* ViewController.swift in Sources */ = {isa = PBXBuildFile; fileRef = 2EDA610325CBEAF60016B02F /* ViewController.swift */; };
		2EDA610725CBEAF60016B02F /* Main.storyboard in Resources */ = {isa = PBXBuildFile; fileRef = 2EDA610525CBEAF60016B02F /* Main.storyboard */; };
		2EDA610925CBEAF70016B02F /* Assets.xcassets in Resources */ = {isa = PBXBuildFile; fileRef = 2EDA610825CBEAF70016B02F /* Assets.xcassets */; };
		2EDA610C25CBEAF70016B02F /* LaunchScreen.storyboard in Resources */ = {isa = PBXBuildFile; fileRef = 2EDA610A25CBEAF70016B02F /* LaunchScreen.storyboard */; };
		2EDA611725CBEAF70016B02F /* Anchors_AutolayoutTests.swift in Sources */ = {isa = PBXBuildFile; fileRef = 2EDA611625CBEAF70016B02F /* Anchors_AutolayoutTests.swift */; };
		2EDA612225CBEAF70016B02F /* Anchors_AutolayoutUITests.swift in Sources */ = {isa = PBXBuildFile; fileRef = 2EDA612125CBEAF70016B02F /* Anchors_AutolayoutUITests.swift */; };
/* End PBXBuildFile section */

/* Begin PBXContainerItemProxy section */
		2EDA611325CBEAF70016B02F /* PBXContainerItemProxy */ = {
			isa = PBXContainerItemProxy;
			containerPortal = 2EDA60F425CBEAF60016B02F /* Project object */;
			proxyType = 1;
			remoteGlobalIDString = 2EDA60FB25CBEAF60016B02F;
			remoteInfo = Anchors_Autolayout;
		};
		2EDA611E25CBEAF70016B02F /* PBXContainerItemProxy */ = {
			isa = PBXContainerItemProxy;
			containerPortal = 2EDA60F425CBEAF60016B02F /* Project object */;
			proxyType = 1;
			remoteGlobalIDString = 2EDA60FB25CBEAF60016B02F;
			remoteInfo = Anchors_Autolayout;
		};
/* End PBXContainerItemProxy section */

/* Begin PBXFileReference section */
		2EDA60FC25CBEAF60016B02F /* Anchors_Autolayout.app */ = {isa = PBXFileReference; explicitFileType = wrapper.application; includeInIndex = 0; path = Anchors_Autolayout.app; sourceTree = BUILT_PRODUCTS_DIR; };
		2EDA60FF25CBEAF60016B02F /* AppDelegate.swift */ = {isa = PBXFileReference; lastKnownFileType = sourcecode.swift; path = AppDelegate.swift; sourceTree = "<group>"; };
		2EDA610125CBEAF60016B02F /* SceneDelegate.swift */ = {isa = PBXFileReference; lastKnownFileType = sourcecode.swift; path = SceneDelegate.swift; sourceTree = "<group>"; };
		2EDA610325CBEAF60016B02F /* ViewController.swift */ = {isa = PBXFileReference; lastKnownFileType = sourcecode.swift; path = ViewController.swift; sourceTree = "<group>"; };
		2EDA610625CBEAF60016B02F /* Base */ = {isa = PBXFileReference; lastKnownFileType = file.storyboard; name = Base; path = Base.lproj/Main.storyboard; sourceTree = "<group>"; };
		2EDA610825CBEAF70016B02F /* Assets.xcassets */ = {isa = PBXFileReference; lastKnownFileType = folder.assetcatalog; path = Assets.xcassets; sourceTree = "<group>"; };
		2EDA610B25CBEAF70016B02F /* Base */ = {isa = PBXFileReference; lastKnownFileType = file.storyboard; name = Base; path = Base.lproj/LaunchScreen.storyboard; sourceTree = "<group>"; };
		2EDA610D25CBEAF70016B02F /* Info.plist */ = {isa = PBXFileReference; lastKnownFileType = text.plist.xml; path = Info.plist; sourceTree = "<group>"; };
		2EDA611225CBEAF70016B02F /* Anchors_AutolayoutTests.xctest */ = {isa = PBXFileReference; explicitFileType = wrapper.cfbundle; includeInIndex = 0; path = Anchors_AutolayoutTests.xctest; sourceTree = BUILT_PRODUCTS_DIR; };
		2EDA611625CBEAF70016B02F /* Anchors_AutolayoutTests.swift */ = {isa = PBXFileReference; lastKnownFileType = sourcecode.swift; path = Anchors_AutolayoutTests.swift; sourceTree = "<group>"; };
		2EDA611825CBEAF70016B02F /* Info.plist */ = {isa = PBXFileReference; lastKnownFileType = text.plist.xml; path = Info.plist; sourceTree = "<group>"; };
		2EDA611D25CBEAF70016B02F /* Anchors_AutolayoutUITests.xctest */ = {isa = PBXFileReference; explicitFileType = wrapper.cfbundle; includeInIndex = 0; path = Anchors_AutolayoutUITests.xctest; sourceTree = BUILT_PRODUCTS_DIR; };
		2EDA612125CBEAF70016B02F /* Anchors_AutolayoutUITests.swift */ = {isa = PBXFileReference; lastKnownFileType = sourcecode.swift; path = Anchors_AutolayoutUITests.swift; sourceTree = "<group>"; };
		2EDA612325CBEAF70016B02F /* Info.plist */ = {isa = PBXFileReference; lastKnownFileType = text.plist.xml; path = Info.plist; sourceTree = "<group>"; };
/* End PBXFileReference section */

/* Begin PBXFrameworksBuildPhase section */
		2EDA60F925CBEAF60016B02F /* Frameworks */ = {
			isa = PBXFrameworksBuildPhase;
			buildActionMask = 2147483647;
			files = (
			);
			runOnlyForDeploymentPostprocessing = 0;
		};
		2EDA610F25CBEAF70016B02F /* Frameworks */ = {
			isa = PBXFrameworksBuildPhase;
			buildActionMask = 2147483647;
			files = (
			);
			runOnlyForDeploymentPostprocessing = 0;
		};
		2EDA611A25CBEAF70016B02F /* Frameworks */ = {
			isa = PBXFrameworksBuildPhase;
			buildActionMask = 2147483647;
			files = (
			);
			runOnlyForDeploymentPostprocessing = 0;
		};
/* End PBXFrameworksBuildPhase section */

/* Begin PBXGroup section */
		2EDA60F325CBEAF60016B02F = {
			isa = PBXGroup;
			children = (
				2EDA60FE25CBEAF60016B02F /* Anchors_Autolayout */,
				2EDA611525CBEAF70016B02F /* Anchors_AutolayoutTests */,
				2EDA612025CBEAF70016B02F /* Anchors_AutolayoutUITests */,
				2EDA60FD25CBEAF60016B02F /* Products */,
			);
			sourceTree = "<group>";
		};
		2EDA60FD25CBEAF60016B02F /* Products */ = {
			isa = PBXGroup;
			children = (
				2EDA60FC25CBEAF60016B02F /* Anchors_Autolayout.app */,
				2EDA611225CBEAF70016B02F /* Anchors_AutolayoutTests.xctest */,
				2EDA611D25CBEAF70016B02F /* Anchors_AutolayoutUITests.xctest */,
			);
			name = Products;
			sourceTree = "<group>";
		};
		2EDA60FE25CBEAF60016B02F /* Anchors_Autolayout */ = {
			isa = PBXGroup;
			children = (
				2EDA60FF25CBEAF60016B02F /* AppDelegate.swift */,
				2EDA610125CBEAF60016B02F /* SceneDelegate.swift */,
				2EDA610325CBEAF60016B02F /* ViewController.swift */,
				2EDA610525CBEAF60016B02F /* Main.storyboard */,
				2EDA610825CBEAF70016B02F /* Assets.xcassets */,
				2EDA610A25CBEAF70016B02F /* LaunchScreen.storyboard */,
				2EDA610D25CBEAF70016B02F /* Info.plist */,
			);
			path = Anchors_Autolayout;
			sourceTree = "<group>";
		};
		2EDA611525CBEAF70016B02F /* Anchors_AutolayoutTests */ = {
			isa = PBXGroup;
			children = (
				2EDA611625CBEAF70016B02F /* Anchors_AutolayoutTests.swift */,
				2EDA611825CBEAF70016B02F /* Info.plist */,
			);
			path = Anchors_AutolayoutTests;
			sourceTree = "<group>";
		};
		2EDA612025CBEAF70016B02F /* Anchors_AutolayoutUITests */ = {
			isa = PBXGroup;
			children = (
				2EDA612125CBEAF70016B02F /* Anchors_AutolayoutUITests.swift */,
				2EDA612325CBEAF70016B02F /* Info.plist */,
			);
			path = Anchors_AutolayoutUITests;
			sourceTree = "<group>";
		};
/* End PBXGroup section */

/* Begin PBXNativeTarget section */
		2EDA60FB25CBEAF60016B02F /* Anchors_Autolayout */ = {
			isa = PBXNativeTarget;
			buildConfigurationList = 2EDA612625CBEAF70016B02F /* Build configuration list for PBXNativeTarget "Anchors_Autolayout" */;
			buildPhases = (
				2EDA60F825CBEAF60016B02F /* Sources */,
				2EDA60F925CBEAF60016B02F /* Frameworks */,
				2EDA60FA25CBEAF60016B02F /* Resources */,
			);
			buildRules = (
			);
			dependencies = (
			);
			name = Anchors_Autolayout;
			productName = Anchors_Autolayout;
			productReference = 2EDA60FC25CBEAF60016B02F /* Anchors_Autolayout.app */;
			productType = "com.apple.product-type.application";
		};
		2EDA611125CBEAF70016B02F /* Anchors_AutolayoutTests */ = {
			isa = PBXNativeTarget;
			buildConfigurationList = 2EDA612925CBEAF70016B02F /* Build configuration list for PBXNativeTarget "Anchors_AutolayoutTests" */;
			buildPhases = (
				2EDA610E25CBEAF70016B02F /* Sources */,
				2EDA610F25CBEAF70016B02F /* Frameworks */,
				2EDA611025CBEAF70016B02F /* Resources */,
			);
			buildRules = (
			);
			dependencies = (
				2EDA611425CBEAF70016B02F /* PBXTargetDependency */,
			);
			name = Anchors_AutolayoutTests;
			productName = Anchors_AutolayoutTests;
			productReference = 2EDA611225CBEAF70016B02F /* Anchors_AutolayoutTests.xctest */;
			productType = "com.apple.product-type.bundle.unit-test";
		};
		2EDA611C25CBEAF70016B02F /* Anchors_AutolayoutUITests */ = {
			isa = PBXNativeTarget;
			buildConfigurationList = 2EDA612C25CBEAF70016B02F /* Build configuration list for PBXNativeTarget "Anchors_AutolayoutUITests" */;
			buildPhases = (
				2EDA611925CBEAF70016B02F /* Sources */,
				2EDA611A25CBEAF70016B02F /* Frameworks */,
				2EDA611B25CBEAF70016B02F /* Resources */,
			);
			buildRules = (
			);
			dependencies = (
				2EDA611F25CBEAF70016B02F /* PBXTargetDependency */,
			);
			name = Anchors_AutolayoutUITests;
			productName = Anchors_AutolayoutUITests;
			productReference = 2EDA611D25CBEAF70016B02F /* Anchors_AutolayoutUITests.xctest */;
			productType = "com.apple.product-type.bundle.ui-testing";
		};
/* End PBXNativeTarget section */

/* Begin PBXProject section */
		2EDA60F425CBEAF60016B02F /* Project object */ = {
			isa = PBXProject;
			attributes = {
				LastSwiftUpdateCheck = 1240;
				LastUpgradeCheck = 1240;
				TargetAttributes = {
					2EDA60FB25CBEAF60016B02F = {
						CreatedOnToolsVersion = 12.4;
					};
					2EDA611125CBEAF70016B02F = {
						CreatedOnToolsVersion = 12.4;
						TestTargetID = 2EDA60FB25CBEAF60016B02F;
					};
					2EDA611C25CBEAF70016B02F = {
						CreatedOnToolsVersion = 12.4;
						TestTargetID = 2EDA60FB25CBEAF60016B02F;
					};
				};
			};
			buildConfigurationList = 2EDA60F725CBEAF60016B02F /* Build configuration list for PBXProject "Anchors_Autolayout" */;
			compatibilityVersion = "Xcode 9.3";
			developmentRegion = en;
			hasScannedForEncodings = 0;
			knownRegions = (
				en,
				Base,
			);
			mainGroup = 2EDA60F325CBEAF60016B02F;
			productRefGroup = 2EDA60FD25CBEAF60016B02F /* Products */;
			projectDirPath = "";
			projectRoot = "";
			targets = (
				2EDA60FB25CBEAF60016B02F /* Anchors_Autolayout */,
				2EDA611125CBEAF70016B02F /* Anchors_AutolayoutTests */,
				2EDA611C25CBEAF70016B02F /* Anchors_AutolayoutUITests */,
			);
		};
/* End PBXProject section */

/* Begin PBXResourcesBuildPhase section */
		2EDA60FA25CBEAF60016B02F /* Resources */ = {
			isa = PBXResourcesBuildPhase;
			buildActionMask = 2147483647;
			files = (
				2EDA610C25CBEAF70016B02F /* LaunchScreen.storyboard in Resources */,
				2EDA610925CBEAF70016B02F /* Assets.xcassets in Resources */,
				2EDA610725CBEAF60016B02F /* Main.storyboard in Resources */,
			);
			runOnlyForDeploymentPostprocessing = 0;
		};
		2EDA611025CBEAF70016B02F /* Resources */ = {
			isa = PBXResourcesBuildPhase;
			buildActionMask = 2147483647;
			files = (
			);
			runOnlyForDeploymentPostprocessing = 0;
		};
		2EDA611B25CBEAF70016B02F /* Resources */ = {
			isa = PBXResourcesBuildPhase;
			buildActionMask = 2147483647;
			files = (
			);
			runOnlyForDeploymentPostprocessing = 0;
		};
/* End PBXResourcesBuildPhase section */

/* Begin PBXSourcesBuildPhase section */
		2EDA60F825CBEAF60016B02F /* Sources */ = {
			isa = PBXSourcesBuildPhase;
			buildActionMask = 2147483647;
			files = (
				2EDA610425CBEAF60016B02F /* ViewController.swift in Sources */,
				2EDA610025CBEAF60016B02F /* AppDelegate.swift in Sources */,
				2EDA610225CBEAF60016B02F /* SceneDelegate.swift in Sources */,
			);
			runOnlyForDeploymentPostprocessing = 0;
		};
		2EDA610E25CBEAF70016B02F /* Sources */ = {
			isa = PBXSourcesBuildPhase;
			buildActionMask = 2147483647;
			files = (
				2EDA611725CBEAF70016B02F /* Anchors_AutolayoutTests.swift in Sources */,
			);
			runOnlyForDeploymentPostprocessing = 0;
		};
		2EDA611925CBEAF70016B02F /* Sources */ = {
			isa = PBXSourcesBuildPhase;
			buildActionMask = 2147483647;
			files = (
				2EDA612225CBEAF70016B02F /* Anchors_AutolayoutUITests.swift in Sources */,
			);
			runOnlyForDeploymentPostprocessing = 0;
		};
/* End PBXSourcesBuildPhase section */

/* Begin PBXTargetDependency section */
		2EDA611425CBEAF70016B02F /* PBXTargetDependency */ = {
			isa = PBXTargetDependency;
			target = 2EDA60FB25CBEAF60016B02F /* Anchors_Autolayout */;
			targetProxy = 2EDA611325CBEAF70016B02F /* PBXContainerItemProxy */;
		};
		2EDA611F25CBEAF70016B02F /* PBXTargetDependency */ = {
			isa = PBXTargetDependency;
			target = 2EDA60FB25CBEAF60016B02F /* Anchors_Autolayout */;
			targetProxy = 2EDA611E25CBEAF70016B02F /* PBXContainerItemProxy */;
		};
/* End PBXTargetDependency section */

/* Begin PBXVariantGroup section */
		2EDA610525CBEAF60016B02F /* Main.storyboard */ = {
			isa = PBXVariantGroup;
			children = (
				2EDA610625CBEAF60016B02F /* Base */,
			);
			name = Main.storyboard;
			sourceTree = "<group>";
		};
		2EDA610A25CBEAF70016B02F /* LaunchScreen.storyboard */ = {
			isa = PBXVariantGroup;
			children = (
				2EDA610B25CBEAF70016B02F /* Base */,
			);
			name = LaunchScreen.storyboard;
			sourceTree = "<group>";
		};
/* End PBXVariantGroup section */

/* Begin XCBuildConfiguration section */
		2EDA612425CBEAF70016B02F /* Debug */ = {
			isa = XCBuildConfiguration;
			buildSettings = {
				ALWAYS_SEARCH_USER_PATHS = NO;
				CLANG_ANALYZER_NONNULL = YES;
				CLANG_ANALYZER_NUMBER_OBJECT_CONVERSION = YES_AGGRESSIVE;
				CLANG_CXX_LANGUAGE_STANDARD = "gnu++14";
				CLANG_CXX_LIBRARY = "libc++";
				CLANG_ENABLE_MODULES = YES;
				CLANG_ENABLE_OBJC_ARC = YES;
				CLANG_ENABLE_OBJC_WEAK = YES;
				CLANG_WARN_BLOCK_CAPTURE_AUTORELEASING = YES;
				CLANG_WARN_BOOL_CONVERSION = YES;
				CLANG_WARN_COMMA = YES;
				CLANG_WARN_CONSTANT_CONVERSION = YES;
				CLANG_WARN_DEPRECATED_OBJC_IMPLEMENTATIONS = YES;
				CLANG_WARN_DIRECT_OBJC_ISA_USAGE = YES_ERROR;
				CLANG_WARN_DOCUMENTATION_COMMENTS = YES;
				CLANG_WARN_EMPTY_BODY = YES;
				CLANG_WARN_ENUM_CONVERSION = YES;
				CLANG_WARN_INFINITE_RECURSION = YES;
				CLANG_WARN_INT_CONVERSION = YES;
				CLANG_WARN_NON_LITERAL_NULL_CONVERSION = YES;
				CLANG_WARN_OBJC_IMPLICIT_RETAIN_SELF = YES;
				CLANG_WARN_OBJC_LITERAL_CONVERSION = YES;
				CLANG_WARN_OBJC_ROOT_CLASS = YES_ERROR;
				CLANG_WARN_QUOTED_INCLUDE_IN_FRAMEWORK_HEADER = YES;
				CLANG_WARN_RANGE_LOOP_ANALYSIS = YES;
				CLANG_WARN_STRICT_PROTOTYPES = YES;
				CLANG_WARN_SUSPICIOUS_MOVE = YES;
				CLANG_WARN_UNGUARDED_AVAILABILITY = YES_AGGRESSIVE;
				CLANG_WARN_UNREACHABLE_CODE = YES;
				CLANG_WARN__DUPLICATE_METHOD_MATCH = YES;
				COPY_PHASE_STRIP = NO;
				DEBUG_INFORMATION_FORMAT = dwarf;
				ENABLE_STRICT_OBJC_MSGSEND = YES;
				ENABLE_TESTABILITY = YES;
				GCC_C_LANGUAGE_STANDARD = gnu11;
				GCC_DYNAMIC_NO_PIC = NO;
				GCC_NO_COMMON_BLOCKS = YES;
				GCC_OPTIMIZATION_LEVEL = 0;
				GCC_PREPROCESSOR_DEFINITIONS = (
					"DEBUG=1",
					"$(inherited)",
				);
				GCC_WARN_64_TO_32_BIT_CONVERSION = YES;
				GCC_WARN_ABOUT_RETURN_TYPE = YES_ERROR;
				GCC_WARN_UNDECLARED_SELECTOR = YES;
				GCC_WARN_UNINITIALIZED_AUTOS = YES_AGGRESSIVE;
				GCC_WARN_UNUSED_FUNCTION = YES;
				GCC_WARN_UNUSED_VARIABLE = YES;
				IPHONEOS_DEPLOYMENT_TARGET = 14.4;
				MTL_ENABLE_DEBUG_INFO = INCLUDE_SOURCE;
				MTL_FAST_MATH = YES;
				ONLY_ACTIVE_ARCH = YES;
				SDKROOT = iphoneos;
				SWIFT_ACTIVE_COMPILATION_CONDITIONS = DEBUG;
				SWIFT_OPTIMIZATION_LEVEL = "-Onone";
			};
			name = Debug;
		};
		2EDA612525CBEAF70016B02F /* Release */ = {
			isa = XCBuildConfiguration;
			buildSettings = {
				ALWAYS_SEARCH_USER_PATHS = NO;
				CLANG_ANALYZER_NONNULL = YES;
				CLANG_ANALYZER_NUMBER_OBJECT_CONVERSION = YES_AGGRESSIVE;
				CLANG_CXX_LANGUAGE_STANDARD = "gnu++14";
				CLANG_CXX_LIBRARY = "libc++";
				CLANG_ENABLE_MODULES = YES;
				CLANG_ENABLE_OBJC_ARC = YES;
				CLANG_ENABLE_OBJC_WEAK = YES;
				CLANG_WARN_BLOCK_CAPTURE_AUTORELEASING = YES;
				CLANG_WARN_BOOL_CONVERSION = YES;
				CLANG_WARN_COMMA = YES;
				CLANG_WARN_CONSTANT_CONVERSION = YES;
				CLANG_WARN_DEPRECATED_OBJC_IMPLEMENTATIONS = YES;
				CLANG_WARN_DIRECT_OBJC_ISA_USAGE = YES_ERROR;
				CLANG_WARN_DOCUMENTATION_COMMENTS = YES;
				CLANG_WARN_EMPTY_BODY = YES;
				CLANG_WARN_ENUM_CONVERSION = YES;
				CLANG_WARN_INFINITE_RECURSION = YES;
				CLANG_WARN_INT_CONVERSION = YES;
				CLANG_WARN_NON_LITERAL_NULL_CONVERSION = YES;
				CLANG_WARN_OBJC_IMPLICIT_RETAIN_SELF = YES;
				CLANG_WARN_OBJC_LITERAL_CONVERSION = YES;
				CLANG_WARN_OBJC_ROOT_CLASS = YES_ERROR;
				CLANG_WARN_QUOTED_INCLUDE_IN_FRAMEWORK_HEADER = YES;
				CLANG_WARN_RANGE_LOOP_ANALYSIS = YES;
				CLANG_WARN_STRICT_PROTOTYPES = YES;
				CLANG_WARN_SUSPICIOUS_MOVE = YES;
				CLANG_WARN_UNGUARDED_AVAILABILITY = YES_AGGRESSIVE;
				CLANG_WARN_UNREACHABLE_CODE = YES;
				CLANG_WARN__DUPLICATE_METHOD_MATCH = YES;
				COPY_PHASE_STRIP = NO;
				DEBUG_INFORMATION_FORMAT = "dwarf-with-dsym";
				ENABLE_NS_ASSERTIONS = NO;
				ENABLE_STRICT_OBJC_MSGSEND = YES;
				GCC_C_LANGUAGE_STANDARD = gnu11;
				GCC_NO_COMMON_BLOCKS = YES;
				GCC_WARN_64_TO_32_BIT_CONVERSION = YES;
				GCC_WARN_ABOUT_RETURN_TYPE = YES_ERROR;
				GCC_WARN_UNDECLARED_SELECTOR = YES;
				GCC_WARN_UNINITIALIZED_AUTOS = YES_AGGRESSIVE;
				GCC_WARN_UNUSED_FUNCTION = YES;
				GCC_WARN_UNUSED_VARIABLE = YES;
				IPHONEOS_DEPLOYMENT_TARGET = 14.4;
				MTL_ENABLE_DEBUG_INFO = NO;
				MTL_FAST_MATH = YES;
				SDKROOT = iphoneos;
				SWIFT_COMPILATION_MODE = wholemodule;
				SWIFT_OPTIMIZATION_LEVEL = "-O";
				VALIDATE_PRODUCT = YES;
			};
			name = Release;
		};
		2EDA612725CBEAF70016B02F /* Debug */ = {
			isa = XCBuildConfiguration;
			buildSettings = {
				ASSETCATALOG_COMPILER_APPICON_NAME = AppIcon;
				ASSETCATALOG_COMPILER_GLOBAL_ACCENT_COLOR_NAME = AccentColor;
				CODE_SIGN_STYLE = Automatic;
				DEVELOPMENT_TEAM = 7W429BUHNT;
				INFOPLIST_FILE = Anchors_Autolayout/Info.plist;
				LD_RUNPATH_SEARCH_PATHS = (
					"$(inherited)",
					"@executable_path/Frameworks",
				);
				PRODUCT_BUNDLE_IDENTIFIER = "com.ryomaishizaki.Anchors-Autolayout";
				PRODUCT_NAME = "$(TARGET_NAME)";
				SWIFT_VERSION = 5.0;
				TARGETED_DEVICE_FAMILY = "1,2";
			};
			name = Debug;
		};
		2EDA612825CBEAF70016B02F /* Release */ = {
			isa = XCBuildConfiguration;
			buildSettings = {
				ASSETCATALOG_COMPILER_APPICON_NAME = AppIcon;
				ASSETCATALOG_COMPILER_GLOBAL_ACCENT_COLOR_NAME = AccentColor;
				CODE_SIGN_STYLE = Automatic;
				DEVELOPMENT_TEAM = 7W429BUHNT;
				INFOPLIST_FILE = Anchors_Autolayout/Info.plist;
				LD_RUNPATH_SEARCH_PATHS = (
					"$(inherited)",
					"@executable_path/Frameworks",
				);
				PRODUCT_BUNDLE_IDENTIFIER = "com.ryomaishizaki.Anchors-Autolayout";
				PRODUCT_NAME = "$(TARGET_NAME)";
				SWIFT_VERSION = 5.0;
				TARGETED_DEVICE_FAMILY = "1,2";
			};
			name = Release;
		};
		2EDA612A25CBEAF70016B02F /* Debug */ = {
			isa = XCBuildConfiguration;
			buildSettings = {
				ALWAYS_EMBED_SWIFT_STANDARD_LIBRARIES = YES;
				BUNDLE_LOADER = "$(TEST_HOST)";
				CODE_SIGN_STYLE = Automatic;
				DEVELOPMENT_TEAM = 7W429BUHNT;
				INFOPLIST_FILE = Anchors_AutolayoutTests/Info.plist;
				IPHONEOS_DEPLOYMENT_TARGET = 14.4;
				LD_RUNPATH_SEARCH_PATHS = (
					"$(inherited)",
					"@executable_path/Frameworks",
					"@loader_path/Frameworks",
				);
				PRODUCT_BUNDLE_IDENTIFIER = "com.ryomaishizaki.Anchors-AutolayoutTests";
				PRODUCT_NAME = "$(TARGET_NAME)";
				SWIFT_VERSION = 5.0;
				TARGETED_DEVICE_FAMILY = "1,2";
				TEST_HOST = "$(BUILT_PRODUCTS_DIR)/Anchors_Autolayout.app/Anchors_Autolayout";
			};
			name = Debug;
		};
		2EDA612B25CBEAF70016B02F /* Release */ = {
			isa = XCBuildConfiguration;
			buildSettings = {
				ALWAYS_EMBED_SWIFT_STANDARD_LIBRARIES = YES;
				BUNDLE_LOADER = "$(TEST_HOST)";
				CODE_SIGN_STYLE = Automatic;
				DEVELOPMENT_TEAM = 7W429BUHNT;
				INFOPLIST_FILE = Anchors_AutolayoutTests/Info.plist;
				IPHONEOS_DEPLOYMENT_TARGET = 14.4;
				LD_RUNPATH_SEARCH_PATHS = (
					"$(inherited)",
					"@executable_path/Frameworks",
					"@loader_path/Frameworks",
				);
				PRODUCT_BUNDLE_IDENTIFIER = "com.ryomaishizaki.Anchors-AutolayoutTests";
				PRODUCT_NAME = "$(TARGET_NAME)";
				SWIFT_VERSION = 5.0;
				TARGETED_DEVICE_FAMILY = "1,2";
				TEST_HOST = "$(BUILT_PRODUCTS_DIR)/Anchors_Autolayout.app/Anchors_Autolayout";
			};
			name = Release;
		};
		2EDA612D25CBEAF70016B02F /* Debug */ = {
			isa = XCBuildConfiguration;
			buildSettings = {
				ALWAYS_EMBED_SWIFT_STANDARD_LIBRARIES = YES;
				CODE_SIGN_STYLE = Automatic;
				DEVELOPMENT_TEAM = 7W429BUHNT;
				INFOPLIST_FILE = Anchors_AutolayoutUITests/Info.plist;
				LD_RUNPATH_SEARCH_PATHS = (
					"$(inherited)",
					"@executable_path/Frameworks",
					"@loader_path/Frameworks",
				);
				PRODUCT_BUNDLE_IDENTIFIER = "com.ryomaishizaki.Anchors-AutolayoutUITests";
				PRODUCT_NAME = "$(TARGET_NAME)";
				SWIFT_VERSION = 5.0;
				TARGETED_DEVICE_FAMILY = "1,2";
				TEST_TARGET_NAME = Anchors_Autolayout;
			};
			name = Debug;
		};
		2EDA612E25CBEAF70016B02F /* Release */ = {
			isa = XCBuildConfiguration;
			buildSettings = {
				ALWAYS_EMBED_SWIFT_STANDARD_LIBRARIES = YES;
				CODE_SIGN_STYLE = Automatic;
				DEVELOPMENT_TEAM = 7W429BUHNT;
				INFOPLIST_FILE = Anchors_AutolayoutUITests/Info.plist;
				LD_RUNPATH_SEARCH_PATHS = (
					"$(inherited)",
					"@executable_path/Frameworks",
					"@loader_path/Frameworks",
				);
				PRODUCT_BUNDLE_IDENTIFIER = "com.ryomaishizaki.Anchors-AutolayoutUITests";
				PRODUCT_NAME = "$(TARGET_NAME)";
				SWIFT_VERSION = 5.0;
				TARGETED_DEVICE_FAMILY = "1,2";
				TEST_TARGET_NAME = Anchors_Autolayout;
			};
			name = Release;
		};
/* End XCBuildConfiguration section */

/* Begin XCConfigurationList section */
		2EDA60F725CBEAF60016B02F /* Build configuration list for PBXProject "Anchors_Autolayout" */ = {
			isa = XCConfigurationList;
			buildConfigurations = (
				2EDA612425CBEAF70016B02F /* Debug */,
				2EDA612525CBEAF70016B02F /* Release */,
			);
			defaultConfigurationIsVisible = 0;
			defaultConfigurationName = Release;
		};
		2EDA612625CBEAF70016B02F /* Build configuration list for PBXNativeTarget "Anchors_Autolayout" */ = {
			isa = XCConfigurationList;
			buildConfigurations = (
				2EDA612725CBEAF70016B02F /* Debug */,
				2EDA612825CBEAF70016B02F /* Release */,
			);
			defaultConfigurationIsVisible = 0;
			defaultConfigurationName = Release;
		};
		2EDA612925CBEAF70016B02F /* Build configuration list for PBXNativeTarget "Anchors_AutolayoutTests" */ = {
			isa = XCConfigurationList;
			buildConfigurations = (
				2EDA612A25CBEAF70016B02F /* Debug */,
				2EDA612B25CBEAF70016B02F /* Release */,
			);
			defaultConfigurationIsVisible = 0;
			defaultConfigurationName = Release;
		};
		2EDA612C25CBEAF70016B02F /* Build configuration list for PBXNativeTarget "Anchors_AutolayoutUITests" */ = {
			isa = XCConfigurationList;
			buildConfigurations = (
				2EDA612D25CBEAF70016B02F /* Debug */,
				2EDA612E25CBEAF70016B02F /* Release */,
			);
			defaultConfigurationIsVisible = 0;
			defaultConfigurationName = Release;
		};
/* End XCConfigurationList section */
	};
	rootObject = 2EDA60F425CBEAF60016B02F /* Project object */;
}
